
Microsoft Visual Studio Solution File, Format Version 12.00
# Visual Studio Version 16
VisualStudioVersion = 16.0.31112.23
MinimumVisualStudioVersion = 10.0.40219.1
Project("{9A19103F-16F7-4668-BE54-9A1E7A4F7556}") = "Tragamonedas", "Tragamonedas.csproj", "{BD875CE7-13BB-4E06-8EC5-0C9F3944BB84}"
EndProject
Project("{9A19103F-16F7-4668-BE54-9A1E7A4F7556}") = "Infrastructure", "..\Infrastructure\Infrastructure.csproj", "{D667DF29-DAD9-4A47-ACC1-32F0B51D48AE}"
EndProject
Project("{9A19103F-16F7-4668-BE54-9A1E7A4F7556}") = "Domain", "..\Domain\Domain.csproj", "{39E3ED91-EBAF-4BC8-B28A-A6037D956199}"
EndProject
Project("{FAE04EC0-301F-11D3-BF4B-00C04F79EFBC}") = "TragamonedasTest", "..\TragamonedasTest\TragamonedasTest.csproj", "{022BBA2A-0D4C-4FFB-9359-F280A3CDE2BB}"
EndProject
Global
	GlobalSection(SolutionConfigurationPlatforms) = preSolution
		Debug|Any CPU = Debug|Any CPU
		Release|Any CPU = Release|Any CPU
	EndGlobalSection
	GlobalSection(ProjectConfigurationPlatforms) = postSolution
		{BD875CE7-13BB-4E06-8EC5-0C9F3944BB84}.Debug|Any CPU.ActiveCfg = Debug|Any CPU
		{BD875CE7-13BB-4E06-8EC5-0C9F3944BB84}.Debug|Any CPU.Build.0 = Debug|Any CPU
		{BD875CE7-13BB-4E06-8EC5-0C9F3944BB84}.Release|Any CPU.ActiveCfg = Release|Any CPU
		{BD875CE7-13BB-4E06-8EC5-0C9F3944BB84}.Release|Any CPU.Build.0 = Release|Any CPU
		{D667DF29-DAD9-4A47-ACC1-32F0B51D48AE}.Debug|Any CPU.ActiveCfg = Debug|Any CPU
		{D667DF29-DAD9-4A47-ACC1-32F0B51D48AE}.Debug|Any CPU.Build.0 = Debug|Any CPU
		{D667DF29-DAD9-4A47-ACC1-32F0B51D48AE}.Release|Any CPU.ActiveCfg = Release|Any CPU
		{D667DF29-DAD9-4A47-ACC1-32F0B51D48AE}.Release|Any CPU.Build.0 = Release|Any CPU
		{39E3ED91-EBAF-4BC8-B28A-A6037D956199}.Debug|Any CPU.ActiveCfg = Debug|Any CPU
		{39E3ED91-EBAF-4BC8-B28A-A6037D956199}.Debug|Any CPU.Build.0 = Debug|Any CPU
		{39E3ED91-EBAF-4BC8-B28A-A6037D956199}.Release|Any CPU.ActiveCfg = Release|Any CPU
		{39E3ED91-EBAF-4BC8-B28A-A6037D956199}.Release|Any CPU.Build.0 = Release|Any CPU
		{022BBA2A-0D4C-4FFB-9359-F280A3CDE2BB}.Debug|Any CPU.ActiveCfg = Debug|Any CPU
		{022BBA2A-0D4C-4FFB-9359-F280A3CDE2BB}.Debug|Any CPU.Build.0 = Debug|Any CPU
		{022BBA2A-0D4C-4FFB-9359-F280A3CDE2BB}.Release|Any CPU.ActiveCfg = Release|Any CPU
		{022BBA2A-0D4C-4FFB-9359-F280A3CDE2BB}.Release|Any CPU.Build.0 = Release|Any CPU
	EndGlobalSection
	GlobalSection(SolutionProperties) = preSolution
		HideSolutionNode = FALSE
	EndGlobalSection
	GlobalSection(ExtensibilityGlobals) = postSolution
		SolutionGuid = {C29E24FD-1F96-4195-9C63-366397808383}
	EndGlobalSection
EndGlobal
